// !$*UTF8*$!
{
	archiveVersion = 1;
	classes = {
	};
	objectVersion = 50;
	objects = {

/* Begin PBXBuildFile section */
		914D3A8325D9D0E80018B0DB /* LoadingCell.xib in Resources */ = {isa = PBXBuildFile; fileRef = 914D3A8225D9D0E80018B0DB /* LoadingCell.xib */; };
		919A430B25D170EB0074A4ED /* AppDelegate.swift in Sources */ = {isa = PBXBuildFile; fileRef = 919A430A25D170EB0074A4ED /* AppDelegate.swift */; };
		919A430D25D170EB0074A4ED /* SceneDelegate.swift in Sources */ = {isa = PBXBuildFile; fileRef = 919A430C25D170EB0074A4ED /* SceneDelegate.swift */; };
		919A430F25D170EB0074A4ED /* SearchViewController.swift in Sources */ = {isa = PBXBuildFile; fileRef = 919A430E25D170EB0074A4ED /* SearchViewController.swift */; };
		919A431225D170EB0074A4ED /* Main.storyboard in Resources */ = {isa = PBXBuildFile; fileRef = 919A431025D170EB0074A4ED /* Main.storyboard */; };
		919A431425D170EC0074A4ED /* Assets.xcassets in Resources */ = {isa = PBXBuildFile; fileRef = 919A431325D170EC0074A4ED /* Assets.xcassets */; };
		919A431725D170EC0074A4ED /* LaunchScreen.storyboard in Resources */ = {isa = PBXBuildFile; fileRef = 919A431525D170EC0074A4ED /* LaunchScreen.storyboard */; };
		919A432125D19F6F0074A4ED /* SearchResult.swift in Sources */ = {isa = PBXBuildFile; fileRef = 919A432025D19F6F0074A4ED /* SearchResult.swift */; };
		919A432425D1B7570074A4ED /* SearchResultCell.xib in Resources */ = {isa = PBXBuildFile; fileRef = 919A432325D1B7570074A4ED /* SearchResultCell.xib */; };
		919A432725D1BFD80074A4ED /* SearchResultCell.swift in Sources */ = {isa = PBXBuildFile; fileRef = 919A432625D1BFD80074A4ED /* SearchResultCell.swift */; };
		919A432A25D1C7A60074A4ED /* NothingFoundCell.xib in Resources */ = {isa = PBXBuildFile; fileRef = 919A432925D1C7A60074A4ED /* NothingFoundCell.xib */; };
/* End PBXBuildFile section */

/* Begin PBXFileReference section */
		914D3A8225D9D0E80018B0DB /* LoadingCell.xib */ = {isa = PBXFileReference; lastKnownFileType = file.xib; path = LoadingCell.xib; sourceTree = "<group>"; };
		919A430725D170EB0074A4ED /* StoreSearch.app */ = {isa = PBXFileReference; explicitFileType = wrapper.application; includeInIndex = 0; path = StoreSearch.app; sourceTree = BUILT_PRODUCTS_DIR; };
		919A430A25D170EB0074A4ED /* AppDelegate.swift */ = {isa = PBXFileReference; lastKnownFileType = sourcecode.swift; path = AppDelegate.swift; sourceTree = "<group>"; };
		919A430C25D170EB0074A4ED /* SceneDelegate.swift */ = {isa = PBXFileReference; lastKnownFileType = sourcecode.swift; path = SceneDelegate.swift; sourceTree = "<group>"; };
		919A430E25D170EB0074A4ED /* SearchViewController.swift */ = {isa = PBXFileReference; lastKnownFileType = sourcecode.swift; path = SearchViewController.swift; sourceTree = "<group>"; };
		919A431125D170EB0074A4ED /* Base */ = {isa = PBXFileReference; lastKnownFileType = file.storyboard; name = Base; path = Base.lproj/Main.storyboard; sourceTree = "<group>"; };
		919A431325D170EC0074A4ED /* Assets.xcassets */ = {isa = PBXFileReference; lastKnownFileType = folder.assetcatalog; path = Assets.xcassets; sourceTree = "<group>"; };
		919A431625D170EC0074A4ED /* Base */ = {isa = PBXFileReference; lastKnownFileType = file.storyboard; name = Base; path = Base.lproj/LaunchScreen.storyboard; sourceTree = "<group>"; };
		919A431825D170EC0074A4ED /* Info.plist */ = {isa = PBXFileReference; lastKnownFileType = text.plist.xml; path = Info.plist; sourceTree = "<group>"; };
		919A432025D19F6F0074A4ED /* SearchResult.swift */ = {isa = PBXFileReference; lastKnownFileType = sourcecode.swift; path = SearchResult.swift; sourceTree = "<group>"; };
		919A432325D1B7570074A4ED /* SearchResultCell.xib */ = {isa = PBXFileReference; lastKnownFileType = file.xib; path = SearchResultCell.xib; sourceTree = "<group>"; };
		919A432625D1BFD80074A4ED /* SearchResultCell.swift */ = {isa = PBXFileReference; lastKnownFileType = sourcecode.swift; path = SearchResultCell.swift; sourceTree = "<group>"; };
		919A432925D1C7A60074A4ED /* NothingFoundCell.xib */ = {isa = PBXFileReference; lastKnownFileType = file.xib; path = NothingFoundCell.xib; sourceTree = "<group>"; };
/* End PBXFileReference section */

/* Begin PBXFrameworksBuildPhase section */
		919A430425D170EB0074A4ED /* Frameworks */ = {
			isa = PBXFrameworksBuildPhase;
			buildActionMask = 2147483647;
			files = (
			);
			runOnlyForDeploymentPostprocessing = 0;
		};
/* End PBXFrameworksBuildPhase section */

/* Begin PBXGroup section */
		919A42FE25D170EB0074A4ED = {
			isa = PBXGroup;
			children = (
				919A430925D170EB0074A4ED /* StoreSearch */,
				919A430825D170EB0074A4ED /* Products */,
			);
			sourceTree = "<group>";
		};
		919A430825D170EB0074A4ED /* Products */ = {
			isa = PBXGroup;
			children = (
				919A430725D170EB0074A4ED /* StoreSearch.app */,
			);
			name = Products;
			sourceTree = "<group>";
		};
		919A430925D170EB0074A4ED /* StoreSearch */ = {
			isa = PBXGroup;
			children = (
				919A430A25D170EB0074A4ED /* AppDelegate.swift */,
				919A430C25D170EB0074A4ED /* SceneDelegate.swift */,
				919A430E25D170EB0074A4ED /* SearchViewController.swift */,
				919A431025D170EB0074A4ED /* Main.storyboard */,
				919A431325D170EC0074A4ED /* Assets.xcassets */,
				919A431525D170EC0074A4ED /* LaunchScreen.storyboard */,
				919A431825D170EC0074A4ED /* Info.plist */,
				919A432025D19F6F0074A4ED /* SearchResult.swift */,
				919A432325D1B7570074A4ED /* SearchResultCell.xib */,
				919A432625D1BFD80074A4ED /* SearchResultCell.swift */,
				919A432925D1C7A60074A4ED /* NothingFoundCell.xib */,
				914D3A8225D9D0E80018B0DB /* LoadingCell.xib */,
			);
			path = StoreSearch;
			sourceTree = "<group>";
		};
/* End PBXGroup section */

/* Begin PBXNativeTarget section */
		919A430625D170EB0074A4ED /* StoreSearch */ = {
			isa = PBXNativeTarget;
			buildConfigurationList = 919A431B25D170EC0074A4ED /* Build configuration list for PBXNativeTarget "StoreSearch" */;
			buildPhases = (
				919A430325D170EB0074A4ED /* Sources */,
				919A430425D170EB0074A4ED /* Frameworks */,
				919A430525D170EB0074A4ED /* Resources */,
			);
			buildRules = (
			);
			dependencies = (
			);
			name = StoreSearch;
			productName = StoreSearch;
			productReference = 919A430725D170EB0074A4ED /* StoreSearch.app */;
			productType = "com.apple.product-type.application";
		};
/* End PBXNativeTarget section */

/* Begin PBXProject section */
		919A42FF25D170EB0074A4ED /* Project object */ = {
			isa = PBXProject;
			attributes = {
				LastSwiftUpdateCheck = 1200;
				LastUpgradeCheck = 1200;
				TargetAttributes = {
					919A430625D170EB0074A4ED = {
						CreatedOnToolsVersion = 12.0.1;
					};
				};
			};
			buildConfigurationList = 919A430225D170EB0074A4ED /* Build configuration list for PBXProject "StoreSearch" */;
			compatibilityVersion = "Xcode 9.3";
			developmentRegion = en;
			hasScannedForEncodings = 0;
			knownRegions = (
				en,
				Base,
			);
			mainGroup = 919A42FE25D170EB0074A4ED;
			productRefGroup = 919A430825D170EB0074A4ED /* Products */;
			projectDirPath = "";
			projectRoot = "";
			targets = (
				919A430625D170EB0074A4ED /* StoreSearch */,
			);
		};
/* End PBXProject section */

/* Begin PBXResourcesBuildPhase section */
		919A430525D170EB0074A4ED /* Resources */ = {
			isa = PBXResourcesBuildPhase;
			buildActionMask = 2147483647;
			files = (
				919A431725D170EC0074A4ED /* LaunchScreen.storyboard in Resources */,
				919A431425D170EC0074A4ED /* Assets.xcassets in Resources */,
				914D3A8325D9D0E80018B0DB /* LoadingCell.xib in Resources */,
				919A432425D1B7570074A4ED /* SearchResultCell.xib in Resources */,
				919A432A25D1C7A60074A4ED /* NothingFoundCell.xib in Resources */,
				919A431225D170EB0074A4ED /* Main.storyboard in Resources */,
			);
			runOnlyForDeploymentPostprocessing = 0;
		};
/* End PBXResourcesBuildPhase section */

/* Begin PBXSourcesBuildPhase section */
		919A430325D170EB0074A4ED /* Sources */ = {
			isa = PBXSourcesBuildPhase;
			buildActionMask = 2147483647;
			files = (
				919A430F25D170EB0074A4ED /* SearchViewController.swift in Sources */,
				919A430B25D170EB0074A4ED /* AppDelegate.swift in Sources */,
				919A432125D19F6F0074A4ED /* SearchResult.swift in Sources */,
				919A430D25D170EB0074A4ED /* SceneDelegate.swift in Sources */,
				919A432725D1BFD80074A4ED /* SearchResultCell.swift in Sources */,
			);
			runOnlyForDeploymentPostprocessing = 0;
		};
/* End PBXSourcesBuildPhase section */

/* Begin PBXVariantGroup section */
		919A431025D170EB0074A4ED /* Main.storyboard */ = {
			isa = PBXVariantGroup;
			children = (
				919A431125D170EB0074A4ED /* Base */,
			);
			name = Main.storyboard;
			sourceTree = "<group>";
		};
		919A431525D170EC0074A4ED /* LaunchScreen.storyboard */ = {
			isa = PBXVariantGroup;
			children = (
				919A431625D170EC0074A4ED /* Base */,
			);
			name = LaunchScreen.storyboard;
			sourceTree = "<group>";
		};
/* End PBXVariantGroup section */

/* Begin XCBuildConfiguration section */
		919A431925D170EC0074A4ED /* Debug */ = {
			isa = XCBuildConfiguration;
			buildSettings = {
				ALWAYS_SEARCH_USER_PATHS = NO;
				CLANG_ANALYZER_NONNULL = YES;
				CLANG_ANALYZER_NUMBER_OBJECT_CONVERSION = YES_AGGRESSIVE;
				CLANG_CXX_LANGUAGE_STANDARD = "gnu++14";
				CLANG_CXX_LIBRARY = "libc++";
				CLANG_ENABLE_MODULES = YES;
				CLANG_ENABLE_OBJC_ARC = YES;
				CLANG_ENABLE_OBJC_WEAK = YES;
				CLANG_WARN_BLOCK_CAPTURE_AUTORELEASING = YES;
				CLANG_WARN_BOOL_CONVERSION = YES;
				CLANG_WARN_COMMA = YES;
				CLANG_WARN_CONSTANT_CONVERSION = YES;
				CLANG_WARN_DEPRECATED_OBJC_IMPLEMENTATIONS = YES;
				CLANG_WARN_DIRECT_OBJC_ISA_USAGE = YES_ERROR;
				CLANG_WARN_DOCUMENTATION_COMMENTS = YES;
				CLANG_WARN_EMPTY_BODY = YES;
				CLANG_WARN_ENUM_CONVERSION = YES;
				CLANG_WARN_INFINITE_RECURSION = YES;
				CLANG_WARN_INT_CONVERSION = YES;
				CLANG_WARN_NON_LITERAL_NULL_CONVERSION = YES;
				CLANG_WARN_OBJC_IMPLICIT_RETAIN_SELF = YES;
				CLANG_WARN_OBJC_LITERAL_CONVERSION = YES;
				CLANG_WARN_OBJC_ROOT_CLASS = YES_ERROR;
				CLANG_WARN_QUOTED_INCLUDE_IN_FRAMEWORK_HEADER = YES;
				CLANG_WARN_RANGE_LOOP_ANALYSIS = YES;
				CLANG_WARN_STRICT_PROTOTYPES = YES;
				CLANG_WARN_SUSPICIOUS_MOVE = YES;
				CLANG_WARN_UNGUARDED_AVAILABILITY = YES_AGGRESSIVE;
				CLANG_WARN_UNREACHABLE_CODE = YES;
				CLANG_WARN__DUPLICATE_METHOD_MATCH = YES;
				COPY_PHASE_STRIP = NO;
				DEBUG_INFORMATION_FORMAT = dwarf;
				ENABLE_STRICT_OBJC_MSGSEND = YES;
				ENABLE_TESTABILITY = YES;
				GCC_C_LANGUAGE_STANDARD = gnu11;
				GCC_DYNAMIC_NO_PIC = NO;
				GCC_NO_COMMON_BLOCKS = YES;
				GCC_OPTIMIZATION_LEVEL = 0;
				GCC_PREPROCESSOR_DEFINITIONS = (
					"DEBUG=1",
					"$(inherited)",
				);
				GCC_WARN_64_TO_32_BIT_CONVERSION = YES;
				GCC_WARN_ABOUT_RETURN_TYPE = YES_ERROR;
				GCC_WARN_UNDECLARED_SELECTOR = YES;
				GCC_WARN_UNINITIALIZED_AUTOS = YES_AGGRESSIVE;
				GCC_WARN_UNUSED_FUNCTION = YES;
				GCC_WARN_UNUSED_VARIABLE = YES;
				IPHONEOS_DEPLOYMENT_TARGET = 14.0;
				MTL_ENABLE_DEBUG_INFO = INCLUDE_SOURCE;
				MTL_FAST_MATH = YES;
				ONLY_ACTIVE_ARCH = YES;
				SDKROOT = iphoneos;
				SWIFT_ACTIVE_COMPILATION_CONDITIONS = DEBUG;
				SWIFT_OPTIMIZATION_LEVEL = "-Onone";
			};
			name = Debug;
		};
		919A431A25D170EC0074A4ED /* Release */ = {
			isa = XCBuildConfiguration;
			buildSettings = {
				ALWAYS_SEARCH_USER_PATHS = NO;
				CLANG_ANALYZER_NONNULL = YES;
				CLANG_ANALYZER_NUMBER_OBJECT_CONVERSION = YES_AGGRESSIVE;
				CLANG_CXX_LANGUAGE_STANDARD = "gnu++14";
				CLANG_CXX_LIBRARY = "libc++";
				CLANG_ENABLE_MODULES = YES;
				CLANG_ENABLE_OBJC_ARC = YES;
				CLANG_ENABLE_OBJC_WEAK = YES;
				CLANG_WARN_BLOCK_CAPTURE_AUTORELEASING = YES;
				CLANG_WARN_BOOL_CONVERSION = YES;
				CLANG_WARN_COMMA = YES;
				CLANG_WARN_CONSTANT_CONVERSION = YES;
				CLANG_WARN_DEPRECATED_OBJC_IMPLEMENTATIONS = YES;
				CLANG_WARN_DIRECT_OBJC_ISA_USAGE = YES_ERROR;
				CLANG_WARN_DOCUMENTATION_COMMENTS = YES;
				CLANG_WARN_EMPTY_BODY = YES;
				CLANG_WARN_ENUM_CONVERSION = YES;
				CLANG_WARN_INFINITE_RECURSION = YES;
				CLANG_WARN_INT_CONVERSION = YES;
				CLANG_WARN_NON_LITERAL_NULL_CONVERSION = YES;
				CLANG_WARN_OBJC_IMPLICIT_RETAIN_SELF = YES;
				CLANG_WARN_OBJC_LITERAL_CONVERSION = YES;
				CLANG_WARN_OBJC_ROOT_CLASS = YES_ERROR;
				CLANG_WARN_QUOTED_INCLUDE_IN_FRAMEWORK_HEADER = YES;
				CLANG_WARN_RANGE_LOOP_ANALYSIS = YES;
				CLANG_WARN_STRICT_PROTOTYPES = YES;
				CLANG_WARN_SUSPICIOUS_MOVE = YES;
				CLANG_WARN_UNGUARDED_AVAILABILITY = YES_AGGRESSIVE;
				CLANG_WARN_UNREACHABLE_CODE = YES;
				CLANG_WARN__DUPLICATE_METHOD_MATCH = YES;
				COPY_PHASE_STRIP = NO;
				DEBUG_INFORMATION_FORMAT = "dwarf-with-dsym";
				ENABLE_NS_ASSERTIONS = NO;
				ENABLE_STRICT_OBJC_MSGSEND = YES;
				GCC_C_LANGUAGE_STANDARD = gnu11;
				GCC_NO_COMMON_BLOCKS = YES;
				GCC_WARN_64_TO_32_BIT_CONVERSION = YES;
				GCC_WARN_ABOUT_RETURN_TYPE = YES_ERROR;
				GCC_WARN_UNDECLARED_SELECTOR = YES;
				GCC_WARN_UNINITIALIZED_AUTOS = YES_AGGRESSIVE;
				GCC_WARN_UNUSED_FUNCTION = YES;
				GCC_WARN_UNUSED_VARIABLE = YES;
				IPHONEOS_DEPLOYMENT_TARGET = 14.0;
				MTL_ENABLE_DEBUG_INFO = NO;
				MTL_FAST_MATH = YES;
				SDKROOT = iphoneos;
				SWIFT_COMPILATION_MODE = wholemodule;
				SWIFT_OPTIMIZATION_LEVEL = "-O";
				VALIDATE_PRODUCT = YES;
			};
			name = Release;
		};
		919A431C25D170EC0074A4ED /* Debug */ = {
			isa = XCBuildConfiguration;
			buildSettings = {
				ASSETCATALOG_COMPILER_APPICON_NAME = AppIcon;
				ASSETCATALOG_COMPILER_GLOBAL_ACCENT_COLOR_NAME = AccentColor;
				CODE_SIGN_STYLE = Automatic;
				INFOPLIST_FILE = StoreSearch/Info.plist;
				LD_RUNPATH_SEARCH_PATHS = (
					"$(inherited)",
					"@executable_path/Frameworks",
				);
				PRODUCT_BUNDLE_IDENTIFIER = tarekahmedgh.com.StoreSearch;
				PRODUCT_NAME = "$(TARGET_NAME)";
				SWIFT_VERSION = 5.0;
				TARGETED_DEVICE_FAMILY = "1,2";
			};
			name = Debug;
		};
		919A431D25D170EC0074A4ED /* Release */ = {
			isa = XCBuildConfiguration;
			buildSettings = {
				ASSETCATALOG_COMPILER_APPICON_NAME = AppIcon;
				ASSETCATALOG_COMPILER_GLOBAL_ACCENT_COLOR_NAME = AccentColor;
				CODE_SIGN_STYLE = Automatic;
				INFOPLIST_FILE = StoreSearch/Info.plist;
				LD_RUNPATH_SEARCH_PATHS = (
					"$(inherited)",
					"@executable_path/Frameworks",
				);
				PRODUCT_BUNDLE_IDENTIFIER = tarekahmedgh.com.StoreSearch;
				PRODUCT_NAME = "$(TARGET_NAME)";
				SWIFT_VERSION = 5.0;
				TARGETED_DEVICE_FAMILY = "1,2";
			};
			name = Release;
		};
/* End XCBuildConfiguration section */

/* Begin XCConfigurationList section */
		919A430225D170EB0074A4ED /* Build configuration list for PBXProject "StoreSearch" */ = {
			isa = XCConfigurationList;
			buildConfigurations = (
				919A431925D170EC0074A4ED /* Debug */,
				919A431A25D170EC0074A4ED /* Release */,
			);
			defaultConfigurationIsVisible = 0;
			defaultConfigurationName = Release;
		};
		919A431B25D170EC0074A4ED /* Build configuration list for PBXNativeTarget "StoreSearch" */ = {
			isa = XCConfigurationList;
			buildConfigurations = (
				919A431C25D170EC0074A4ED /* Debug */,
				919A431D25D170EC0074A4ED /* Release */,
			);
			defaultConfigurationIsVisible = 0;
			defaultConfigurationName = Release;
		};
/* End XCConfigurationList section */
	};
	rootObject = 919A42FF25D170EB0074A4ED /* Project object */;
}
